
Microsoft Visual Studio Solution File, Format Version 12.00
# Visual Studio Version 16
VisualStudioVersion = 16.0.29519.181
MinimumVisualStudioVersion = 10.0.40219.1
Project("{FAE04EC0-301F-11D3-BF4B-00C04F79EFBC}") = "PingPong", "PingPong\PingPong.csproj", "{0332EE03-C451-48F9-BFAB-A0485FBED461}"
EndProject
Global
	GlobalSection(SolutionConfigurationPlatforms) = preSolution
		Debug|Any CPU = Debug|Any CPU
		Release|Any CPU = Release|Any CPU
	EndGlobalSection
	GlobalSection(ProjectConfigurationPlatforms) = postSolution
		{0332EE03-C451-48F9-BFAB-A0485FBED461}.Debug|Any CPU.ActiveCfg = Debug|Any CPU
		{0332EE03-C451-48F9-BFAB-A0485FBED461}.Debug|Any CPU.Build.0 = Debug|Any CPU
		{0332EE03-C451-48F9-BFAB-A0485FBED461}.Release|Any CPU.ActiveCfg = Release|Any CPU
		{0332EE03-C451-48F9-BFAB-A0485FBED461}.Release|Any CPU.Build.0 = Release|Any CPU
	EndGlobalSection
	GlobalSection(SolutionProperties) = preSolution
		HideSolutionNode = FALSE
	EndGlobalSection
	GlobalSection(ExtensibilityGlobals) = postSolution
		SolutionGuid = {975B7FC1-4C03-4F4D-B9E5-88B17449D29D}
	EndGlobalSection
EndGlobal
